# This file is automatically @generated by Cargo.
# It is not intended for manual editing.
version = 3

[[package]]
name = "regex-lite"
version = "0.1.8"
source = "registry+https://github.com/rust-lang/crates.io-index"
checksum = "8d942b98df5e658f56f20d592c7f868833fe38115e65c33003d8cd224b0155da"

[[package]]
name = "trigger-children"
version = "0.1.0"
dependencies = [
 "regex-lite",
]
